// !$*UTF8*$!
{
	archiveVersion = 1;
	classes = {
	};
	objectVersion = 46;
	objects = {

/* Begin PBXBuildFile section */
		259993261931477D00AE675A /* lodepng.cpp in Sources */ = {isa = PBXBuildFile; fileRef = 259993231931477D00AE675A /* lodepng.cpp */; };
		259993271931477D00AE675A /* textureatlas.cpp in Sources */ = {isa = PBXBuildFile; fileRef = 259993251931477D00AE675A /* textureatlas.cpp */; };
		25ABFBFB1978D4FF0032586B /* tga.cpp in Sources */ = {isa = PBXBuildFile; fileRef = 25ABFBF91978D4FF0032586B /* tga.cpp */; };
/* End PBXBuildFile section */

/* Begin PBXCopyFilesBuildPhase section */
		259993151931475400AE675A /* CopyFiles */ = {
			isa = PBXCopyFilesBuildPhase;
			buildActionMask = 2147483647;
			dstPath = /usr/share/man/man1/;
			dstSubfolderSpec = 0;
			files = (
			);
			runOnlyForDeploymentPostprocessing = 1;
		};
/* End PBXCopyFilesBuildPhase section */

/* Begin PBXFileReference section */
		259993171931475400AE675A /* textureatlas */ = {isa = PBXFileReference; explicitFileType = "compiled.mach-o.executable"; includeInIndex = 0; path = textureatlas; sourceTree = BUILT_PRODUCTS_DIR; };
		259993231931477D00AE675A /* lodepng.cpp */ = {isa = PBXFileReference; fileEncoding = 4; lastKnownFileType = sourcecode.cpp.cpp; name = lodepng.cpp; path = ../../../textureatlas/lodepng.cpp; sourceTree = "<group>"; };
		259993241931477D00AE675A /* lodepng.h */ = {isa = PBXFileReference; fileEncoding = 4; lastKnownFileType = sourcecode.c.h; name = lodepng.h; path = ../../../textureatlas/lodepng.h; sourceTree = "<group>"; };
		259993251931477D00AE675A /* textureatlas.cpp */ = {isa = PBXFileReference; fileEncoding = 4; lastKnownFileType = sourcecode.cpp.cpp; name = textureatlas.cpp; path = ../../../textureatlas/textureatlas.cpp; sourceTree = "<group>"; };
		25ABFBF91978D4FF0032586B /* tga.cpp */ = {isa = PBXFileReference; fileEncoding = 4; lastKnownFileType = sourcecode.cpp.cpp; name = tga.cpp; path = ../../../textureatlas/tga.cpp; sourceTree = "<group>"; };
		25ABFBFA1978D4FF0032586B /* tga.h */ = {isa = PBXFileReference; fileEncoding = 4; lastKnownFileType = sourcecode.c.h; name = tga.h; path = ../../../textureatlas/tga.h; sourceTree = "<group>"; };
/* End PBXFileReference section */

/* Begin PBXFrameworksBuildPhase section */
		259993141931475400AE675A /* Frameworks */ = {
			isa = PBXFrameworksBuildPhase;
			buildActionMask = 2147483647;
			files = (
			);
			runOnlyForDeploymentPostprocessing = 0;
		};
/* End PBXFrameworksBuildPhase section */

/* Begin PBXGroup section */
		2599930E1931475400AE675A = {
			isa = PBXGroup;
			children = (
				259993191931475400AE675A /* textureatlas */,
				259993181931475400AE675A /* Products */,
			);
			sourceTree = "<group>";
		};
		259993181931475400AE675A /* Products */ = {
			isa = PBXGroup;
			children = (
				259993171931475400AE675A /* textureatlas */,
			);
			name = Products;
			sourceTree = "<group>";
		};
		259993191931475400AE675A /* textureatlas */ = {
			isa = PBXGroup;
			children = (
				25ABFBF91978D4FF0032586B /* tga.cpp */,
				25ABFBFA1978D4FF0032586B /* tga.h */,
				259993231931477D00AE675A /* lodepng.cpp */,
				259993241931477D00AE675A /* lodepng.h */,
				259993251931477D00AE675A /* textureatlas.cpp */,
			);
			path = textureatlas;
			sourceTree = "<group>";
		};
/* End PBXGroup section */

/* Begin PBXNativeTarget section */
		259993161931475400AE675A /* textureatlas */ = {
			isa = PBXNativeTarget;
			buildConfigurationList = 259993201931475400AE675A /* Build configuration list for PBXNativeTarget "textureatlas" */;
			buildPhases = (
				259993131931475400AE675A /* Sources */,
				259993141931475400AE675A /* Frameworks */,
				259993151931475400AE675A /* CopyFiles */,
			);
			buildRules = (
			);
			dependencies = (
			);
			name = textureatlas;
			productName = textureatlas;
			productReference = 259993171931475400AE675A /* textureatlas */;
			productType = "com.apple.product-type.tool";
		};
/* End PBXNativeTarget section */

/* Begin PBXProject section */
		2599930F1931475400AE675A /* Project object */ = {
			isa = PBXProject;
			attributes = {
				LastUpgradeCheck = 0510;
				ORGANIZATIONNAME = Dingwings;
			};
			buildConfigurationList = 259993121931475400AE675A /* Build configuration list for PBXProject "textureatlas" */;
			compatibilityVersion = "Xcode 3.2";
			developmentRegion = English;
			hasScannedForEncodings = 0;
			knownRegions = (
				en,
			);
			mainGroup = 2599930E1931475400AE675A;
			productRefGroup = 259993181931475400AE675A /* Products */;
			projectDirPath = "";
			projectRoot = "";
			targets = (
				259993161931475400AE675A /* textureatlas */,
			);
		};
/* End PBXProject section */

/* Begin PBXSourcesBuildPhase section */
		259993131931475400AE675A /* Sources */ = {
			isa = PBXSourcesBuildPhase;
			buildActionMask = 2147483647;
			files = (
				25ABFBFB1978D4FF0032586B /* tga.cpp in Sources */,
				259993261931477D00AE675A /* lodepng.cpp in Sources */,
				259993271931477D00AE675A /* textureatlas.cpp in Sources */,
			);
			runOnlyForDeploymentPostprocessing = 0;
		};
/* End PBXSourcesBuildPhase section */

/* Begin XCBuildConfiguration section */
		2599931E1931475400AE675A /* Debug */ = {
			isa = XCBuildConfiguration;
			buildSettings = {
				ALWAYS_SEARCH_USER_PATHS = NO;
				CLANG_CXX_LANGUAGE_STANDARD = "gnu++0x";
				CLANG_CXX_LIBRARY = "libc++";
				CLANG_ENABLE_MODULES = YES;
				CLANG_ENABLE_OBJC_ARC = YES;
				CLANG_WARN_BOOL_CONVERSION = YES;
				CLANG_WARN_CONSTANT_CONVERSION = YES;
				CLANG_WARN_DIRECT_OBJC_ISA_USAGE = YES_ERROR;
				CLANG_WARN_EMPTY_BODY = YES;
				CLANG_WARN_ENUM_CONVERSION = YES;
				CLANG_WARN_INT_CONVERSION = YES;
				CLANG_WARN_OBJC_ROOT_CLASS = YES_ERROR;
				CLANG_WARN__DUPLICATE_METHOD_MATCH = YES;
				COPY_PHASE_STRIP = NO;
				GCC_C_LANGUAGE_STANDARD = gnu99;
				GCC_DYNAMIC_NO_PIC = NO;
				GCC_ENABLE_OBJC_EXCEPTIONS = YES;
				GCC_OPTIMIZATION_LEVEL = 0;
				GCC_PREPROCESSOR_DEFINITIONS = (
					"DEBUG=1",
					"$(inherited)",
				);
				GCC_SYMBOLS_PRIVATE_EXTERN = NO;
				GCC_WARN_64_TO_32_BIT_CONVERSION = YES;
				GCC_WARN_ABOUT_RETURN_TYPE = YES_ERROR;
				GCC_WARN_UNDECLARED_SELECTOR = YES;
				GCC_WARN_UNINITIALIZED_AUTOS = YES_AGGRESSIVE;
				GCC_WARN_UNUSED_FUNCTION = YES;
				GCC_WARN_UNUSED_VARIABLE = YES;
				MACOSX_DEPLOYMENT_TARGET = 10.9;
				ONLY_ACTIVE_ARCH = YES;
				SDKROOT = macosx;
			};
			name = Debug;
		};
		2599931F1931475400AE675A /* Release */ = {
			isa = XCBuildConfiguration;
			buildSettings = {
				ALWAYS_SEARCH_USER_PATHS = NO;
				CLANG_CXX_LANGUAGE_STANDARD = "gnu++0x";
				CLANG_CXX_LIBRARY = "libc++";
				CLANG_ENABLE_MODULES = YES;
				CLANG_ENABLE_OBJC_ARC = YES;
				CLANG_WARN_BOOL_CONVERSION = YES;
				CLANG_WARN_CONSTANT_CONVERSION = YES;
				CLANG_WARN_DIRECT_OBJC_ISA_USAGE = YES_ERROR;
				CLANG_WARN_EMPTY_BODY = YES;
				CLANG_WARN_ENUM_CONVERSION = YES;
				CLANG_WARN_INT_CONVERSION = YES;
				CLANG_WARN_OBJC_ROOT_CLASS = YES_ERROR;
				CLANG_WARN__DUPLICATE_METHOD_MATCH = YES;
				COPY_PHASE_STRIP = YES;
				DEBUG_INFORMATION_FORMAT = "dwarf-with-dsym";
				ENABLE_NS_ASSERTIONS = NO;
				GCC_C_LANGUAGE_STANDARD = gnu99;
				GCC_ENABLE_OBJC_EXCEPTIONS = YES;
				GCC_WARN_64_TO_32_BIT_CONVERSION = YES;
				GCC_WARN_ABOUT_RETURN_TYPE = YES_ERROR;
				GCC_WARN_UNDECLARED_SELECTOR = YES;
				GCC_WARN_UNINITIALIZED_AUTOS = YES_AGGRESSIVE;
				GCC_WARN_UNUSED_FUNCTION = YES;
				GCC_WARN_UNUSED_VARIABLE = YES;
				MACOSX_DEPLOYMENT_TARGET = 10.9;
				SDKROOT = macosx;
			};
			name = Release;
		};
		259993211931475400AE675A /* Debug */ = {
			isa = XCBuildConfiguration;
			buildSettings = {
				PRODUCT_NAME = "$(TARGET_NAME)";
			};
			name = Debug;
		};
		259993221931475400AE675A /* Release */ = {
			isa = XCBuildConfiguration;
			buildSettings = {
				PRODUCT_NAME = "$(TARGET_NAME)";
			};
			name = Release;
		};
/* End XCBuildConfiguration section */

/* Begin XCConfigurationList section */
		259993121931475400AE675A /* Build configuration list for PBXProject "textureatlas" */ = {
			isa = XCConfigurationList;
			buildConfigurations = (
				2599931E1931475400AE675A /* Debug */,
				2599931F1931475400AE675A /* Release */,
			);
			defaultConfigurationIsVisible = 0;
			defaultConfigurationName = Release;
		};
		259993201931475400AE675A /* Build configuration list for PBXNativeTarget "textureatlas" */ = {
			isa = XCConfigurationList;
			buildConfigurations = (
				259993211931475400AE675A /* Debug */,
				259993221931475400AE675A /* Release */,
			);
			defaultConfigurationIsVisible = 0;
			defaultConfigurationName = Release;
		};
/* End XCConfigurationList section */
	};
	rootObject = 2599930F1931475400AE675A /* Project object */;
}
